<?xml version="1.0" encoding="utf-8"?>
<Project ToolsVersion="4.0" xmlns="http://schemas.microsoft.com/developer/msbuild/2003">
  <ItemGroup>
    <Filter Include="ソース ファイル">
      <UniqueIdentifier>{4FC737F1-C7A5-4376-A066-2A32D752A2FF}</UniqueIdentifier>
      <Extensions>cpp;c;cc;cxx;def;odl;idl;hpj;bat;asm;asmx</Extensions>
    </Filter>
    <Filter Include="ヘッダー ファイル">
      <UniqueIdentifier>{93995380-89BD-4b04-88EB-625FBE52EBFB}</UniqueIdentifier>
      <Extensions>h;hh;hpp;hxx;hm;inl;inc;xsd</Extensions>
    </Filter>
    <Filter Include="リソース ファイル">
      <UniqueIdentifier>{67DA6AB6-F800-4c08-8B7A-83BB121AAD01}</UniqueIdentifier>
      <Extensions>rc;ico;cur;bmp;dlg;rc2;rct;bin;rgs;gif;jpg;jpeg;jpe;resx;tiff;tif;png;wav;mfcribbon-ms</Extensions>
    </Filter>
    <Filter Include="ヘッダー ファイル\moleculardynamics">
      <UniqueIdentifier>{42fe1c13-07e9-4ed1-bfb5-5c39dec9faae}</UniqueIdentifier>
    </Filter>
    <Filter Include="ヘッダー ファイル\myrandom">
      <UniqueIdentifier>{717294a1-59eb-47cd-82b0-8c17c4c1eda1}</UniqueIdentifier>
    </Filter>
    <Filter Include="ソース ファイル\myrandom">
      <UniqueIdentifier>{5b51d4b4-1ca2-4f1e-906e-af66e21ac1de}</UniqueIdentifier>
    </Filter>
    <Filter Include="ヘッダー ファイル\myvector">
      <UniqueIdentifier>{99584ef0-dde9-48c8-ab03-748d1316b389}</UniqueIdentifier>
    </Filter>
  </ItemGroup>
  <ItemGroup>
    <ClCompile Include="myrandom\myrand.cpp">
      <Filter>ソース ファイル\myrandom</Filter>
    </ClCompile>
    <ClCompile Include="LJ_Argon_MD_OpenCL_main.cpp">
      <Filter>ソース ファイル</Filter>
    </ClCompile>
  </ItemGroup>
  <ItemGroup>
    <ClInclude Include="moleculardynamics\Ar_moleculardynamics.h">
      <Filter>ヘッダー ファイル\moleculardynamics</Filter>
    </ClInclude>
    <ClInclude Include="myrandom\myrand.h">
      <Filter>ヘッダー ファイル\myrandom</Filter>
    </ClInclude>
    <ClInclude Include="myvector\vector4.h">
      <Filter>ヘッダー ファイル\myvector</Filter>
    </ClInclude>
    <ClInclude Include="moleculardynamics\paralleltype.h">
      <Filter>ヘッダー ファイル\moleculardynamics</Filter>
    </ClInclude>
  </ItemGroup>
</Project>